
Microsoft Visual Studio Solution File, Format Version 12.00
# Visual Studio 15
VisualStudioVersion = 15.0.28307.489
MinimumVisualStudioVersion = 10.0.40219.1
Project("{FAE04EC0-301F-11D3-BF4B-00C04F79EFBC}") = "DynamicInstance", "DynamicInstance\DynamicInstance.csproj", "{BF756D32-BEB8-460A-9A9E-4593FD65CC66}"
EndProject
Global
	GlobalSection(SolutionConfigurationPlatforms) = preSolution
		Debug|Any CPU = Debug|Any CPU
		Release|Any CPU = Release|Any CPU
	EndGlobalSection
	GlobalSection(ProjectConfigurationPlatforms) = postSolution
		{BF756D32-BEB8-460A-9A9E-4593FD65CC66}.Debug|Any CPU.ActiveCfg = Debug|Any CPU
		{BF756D32-BEB8-460A-9A9E-4593FD65CC66}.Debug|Any CPU.Build.0 = Debug|Any CPU
		{BF756D32-BEB8-460A-9A9E-4593FD65CC66}.Release|Any CPU.ActiveCfg = Release|Any CPU
		{BF756D32-BEB8-460A-9A9E-4593FD65CC66}.Release|Any CPU.Build.0 = Release|Any CPU
	EndGlobalSection
	GlobalSection(SolutionProperties) = preSolution
		HideSolutionNode = FALSE
	EndGlobalSection
	GlobalSection(ExtensibilityGlobals) = postSolution
		SolutionGuid = {502991C8-CDD8-42B2-A82D-372ABF81FB28}
	EndGlobalSection
EndGlobal
