
Microsoft Visual Studio Solution File, Format Version 12.00
# Visual Studio 15
VisualStudioVersion = 15.0.28307.271
MinimumVisualStudioVersion = 10.0.40219.1
Project("{FAE04EC0-301F-11D3-BF4B-00C04F79EFBC}") = "IntegralTypes", "IntegralTypes\IntegralTypes.csproj", "{E25A9901-6E75-4781-8A62-979C8D5A9931}"
EndProject
Global
	GlobalSection(SolutionConfigurationPlatforms) = preSolution
		Debug|Any CPU = Debug|Any CPU
		Release|Any CPU = Release|Any CPU
	EndGlobalSection
	GlobalSection(ProjectConfigurationPlatforms) = postSolution
		{E25A9901-6E75-4781-8A62-979C8D5A9931}.Debug|Any CPU.ActiveCfg = Debug|Any CPU
		{E25A9901-6E75-4781-8A62-979C8D5A9931}.Debug|Any CPU.Build.0 = Debug|Any CPU
		{E25A9901-6E75-4781-8A62-979C8D5A9931}.Release|Any CPU.ActiveCfg = Release|Any CPU
		{E25A9901-6E75-4781-8A62-979C8D5A9931}.Release|Any CPU.Build.0 = Release|Any CPU
	EndGlobalSection
	GlobalSection(SolutionProperties) = preSolution
		HideSolutionNode = FALSE
	EndGlobalSection
	GlobalSection(ExtensibilityGlobals) = postSolution
		SolutionGuid = {5780F9F4-9851-42E0-BA59-3AF634B02E3B}
	EndGlobalSection
EndGlobal
