
Microsoft Visual Studio Solution File, Format Version 12.00
# Visual Studio 15
VisualStudioVersion = 15.0.28307.421
MinimumVisualStudioVersion = 10.0.40219.1
Project("{FAE04EC0-301F-11D3-BF4B-00C04F79EFBC}") = "NullConditionalOperator", "NullConditionalOperator\NullConditionalOperator.csproj", "{D574AA45-4620-4C0F-B4C4-335D36C4C942}"
EndProject
Global
	GlobalSection(SolutionConfigurationPlatforms) = preSolution
		Debug|Any CPU = Debug|Any CPU
		Release|Any CPU = Release|Any CPU
	EndGlobalSection
	GlobalSection(ProjectConfigurationPlatforms) = postSolution
		{D574AA45-4620-4C0F-B4C4-335D36C4C942}.Debug|Any CPU.ActiveCfg = Debug|Any CPU
		{D574AA45-4620-4C0F-B4C4-335D36C4C942}.Debug|Any CPU.Build.0 = Debug|Any CPU
		{D574AA45-4620-4C0F-B4C4-335D36C4C942}.Release|Any CPU.ActiveCfg = Release|Any CPU
		{D574AA45-4620-4C0F-B4C4-335D36C4C942}.Release|Any CPU.Build.0 = Release|Any CPU
	EndGlobalSection
	GlobalSection(SolutionProperties) = preSolution
		HideSolutionNode = FALSE
	EndGlobalSection
	GlobalSection(ExtensibilityGlobals) = postSolution
		SolutionGuid = {01558D99-2CED-4FB4-818C-843AA1F9BE83}
	EndGlobalSection
EndGlobal
