
Microsoft Visual Studio Solution File, Format Version 12.00
# Visual Studio 15
VisualStudioVersion = 15.0.28307.489
MinimumVisualStudioVersion = 10.0.40219.1
Project("{FAE04EC0-301F-11D3-BF4B-00C04F79EFBC}") = "ExceptionFiltering", "ExceptionFiltering\ExceptionFiltering.csproj", "{49F6B08C-A326-4621-936C-8FE46E581BBA}"
EndProject
Global
	GlobalSection(SolutionConfigurationPlatforms) = preSolution
		Debug|Any CPU = Debug|Any CPU
		Release|Any CPU = Release|Any CPU
	EndGlobalSection
	GlobalSection(ProjectConfigurationPlatforms) = postSolution
		{49F6B08C-A326-4621-936C-8FE46E581BBA}.Debug|Any CPU.ActiveCfg = Debug|Any CPU
		{49F6B08C-A326-4621-936C-8FE46E581BBA}.Debug|Any CPU.Build.0 = Debug|Any CPU
		{49F6B08C-A326-4621-936C-8FE46E581BBA}.Release|Any CPU.ActiveCfg = Release|Any CPU
		{49F6B08C-A326-4621-936C-8FE46E581BBA}.Release|Any CPU.Build.0 = Release|Any CPU
	EndGlobalSection
	GlobalSection(SolutionProperties) = preSolution
		HideSolutionNode = FALSE
	EndGlobalSection
	GlobalSection(ExtensibilityGlobals) = postSolution
		SolutionGuid = {E69D8821-8C35-442B-BCFF-68F5AF154E81}
	EndGlobalSection
EndGlobal
