
Microsoft Visual Studio Solution File, Format Version 12.00
# Visual Studio 15
VisualStudioVersion = 15.0.28307.421
MinimumVisualStudioVersion = 10.0.40219.1
Project("{FAE04EC0-301F-11D3-BF4B-00C04F79EFBC}") = "StringModify", "StringModify\StringModify.csproj", "{5EF8D533-750E-4C7A-B4DD-300F6B162EB3}"
EndProject
Global
	GlobalSection(SolutionConfigurationPlatforms) = preSolution
		Debug|Any CPU = Debug|Any CPU
		Release|Any CPU = Release|Any CPU
	EndGlobalSection
	GlobalSection(ProjectConfigurationPlatforms) = postSolution
		{5EF8D533-750E-4C7A-B4DD-300F6B162EB3}.Debug|Any CPU.ActiveCfg = Debug|Any CPU
		{5EF8D533-750E-4C7A-B4DD-300F6B162EB3}.Debug|Any CPU.Build.0 = Debug|Any CPU
		{5EF8D533-750E-4C7A-B4DD-300F6B162EB3}.Release|Any CPU.ActiveCfg = Release|Any CPU
		{5EF8D533-750E-4C7A-B4DD-300F6B162EB3}.Release|Any CPU.Build.0 = Release|Any CPU
	EndGlobalSection
	GlobalSection(SolutionProperties) = preSolution
		HideSolutionNode = FALSE
	EndGlobalSection
	GlobalSection(ExtensibilityGlobals) = postSolution
		SolutionGuid = {680792D3-F803-4C74-8C1F-5472D1FD7CED}
	EndGlobalSection
EndGlobal
