
Microsoft Visual Studio Solution File, Format Version 12.00
# Visual Studio 15
VisualStudioVersion = 15.0.28307.489
MinimumVisualStudioVersion = 10.0.40219.1
Project("{FAE04EC0-301F-11D3-BF4B-00C04F79EFBC}") = "Practice2", "Practice2\Practice2.csproj", "{A35A84CC-91C6-4321-B582-4FDA109DE354}"
EndProject
Global
	GlobalSection(SolutionConfigurationPlatforms) = preSolution
		Debug|Any CPU = Debug|Any CPU
		Release|Any CPU = Release|Any CPU
	EndGlobalSection
	GlobalSection(ProjectConfigurationPlatforms) = postSolution
		{A35A84CC-91C6-4321-B582-4FDA109DE354}.Debug|Any CPU.ActiveCfg = Debug|Any CPU
		{A35A84CC-91C6-4321-B582-4FDA109DE354}.Debug|Any CPU.Build.0 = Debug|Any CPU
		{A35A84CC-91C6-4321-B582-4FDA109DE354}.Release|Any CPU.ActiveCfg = Release|Any CPU
		{A35A84CC-91C6-4321-B582-4FDA109DE354}.Release|Any CPU.Build.0 = Release|Any CPU
	EndGlobalSection
	GlobalSection(SolutionProperties) = preSolution
		HideSolutionNode = FALSE
	EndGlobalSection
	GlobalSection(ExtensibilityGlobals) = postSolution
		SolutionGuid = {83687BB4-FD63-4A42-A61D-D2786BDAC58E}
	EndGlobalSection
EndGlobal
