
Microsoft Visual Studio Solution File, Format Version 12.00
# Visual Studio 15
VisualStudioVersion = 15.0.28307.421
MinimumVisualStudioVersion = 10.0.40219.1
Project("{FAE04EC0-301F-11D3-BF4B-00C04F79EFBC}") = "SwapByRef", "SwapByRef\SwapByRef.csproj", "{F321581E-D29F-4D6A-A1E1-1676C95C563E}"
EndProject
Global
	GlobalSection(SolutionConfigurationPlatforms) = preSolution
		Debug|Any CPU = Debug|Any CPU
		Release|Any CPU = Release|Any CPU
	EndGlobalSection
	GlobalSection(ProjectConfigurationPlatforms) = postSolution
		{F321581E-D29F-4D6A-A1E1-1676C95C563E}.Debug|Any CPU.ActiveCfg = Debug|Any CPU
		{F321581E-D29F-4D6A-A1E1-1676C95C563E}.Debug|Any CPU.Build.0 = Debug|Any CPU
		{F321581E-D29F-4D6A-A1E1-1676C95C563E}.Release|Any CPU.ActiveCfg = Release|Any CPU
		{F321581E-D29F-4D6A-A1E1-1676C95C563E}.Release|Any CPU.Build.0 = Release|Any CPU
	EndGlobalSection
	GlobalSection(SolutionProperties) = preSolution
		HideSolutionNode = FALSE
	EndGlobalSection
	GlobalSection(ExtensibilityGlobals) = postSolution
		SolutionGuid = {FF35E6D2-691C-48B2-9424-10566F4A4395}
	EndGlobalSection
EndGlobal
