
Microsoft Visual Studio Solution File, Format Version 12.00
# Visual Studio 15
VisualStudioVersion = 15.0.28307.489
MinimumVisualStudioVersion = 10.0.40219.1
Project("{FAE04EC0-301F-11D3-BF4B-00C04F79EFBC}") = "Bitamin8-2", "Bitamin8-2\Bitamin8-2.csproj", "{C22DDAC8-CD5D-4E6C-8C4F-830D49E0A38E}"
EndProject
Global
	GlobalSection(SolutionConfigurationPlatforms) = preSolution
		Debug|Any CPU = Debug|Any CPU
		Release|Any CPU = Release|Any CPU
	EndGlobalSection
	GlobalSection(ProjectConfigurationPlatforms) = postSolution
		{C22DDAC8-CD5D-4E6C-8C4F-830D49E0A38E}.Debug|Any CPU.ActiveCfg = Debug|Any CPU
		{C22DDAC8-CD5D-4E6C-8C4F-830D49E0A38E}.Debug|Any CPU.Build.0 = Debug|Any CPU
		{C22DDAC8-CD5D-4E6C-8C4F-830D49E0A38E}.Release|Any CPU.ActiveCfg = Release|Any CPU
		{C22DDAC8-CD5D-4E6C-8C4F-830D49E0A38E}.Release|Any CPU.Build.0 = Release|Any CPU
	EndGlobalSection
	GlobalSection(SolutionProperties) = preSolution
		HideSolutionNode = FALSE
	EndGlobalSection
	GlobalSection(ExtensibilityGlobals) = postSolution
		SolutionGuid = {11096EE2-E4BA-422C-8815-F202E8668492}
	EndGlobalSection
EndGlobal
