
Microsoft Visual Studio Solution File, Format Version 12.00
# Visual Studio Version 16
VisualStudioVersion = 16.0.28729.10
MinimumVisualStudioVersion = 10.0.40219.1
Project("{FAE04EC0-301F-11D3-BF4B-00C04F79EFBC}") = "UsingThreadState", "UsingThreadState\UsingThreadState.csproj", "{82B8C69B-0138-4DB0-9820-895EEA701516}"
EndProject
Global
	GlobalSection(SolutionConfigurationPlatforms) = preSolution
		Debug|Any CPU = Debug|Any CPU
		Release|Any CPU = Release|Any CPU
	EndGlobalSection
	GlobalSection(ProjectConfigurationPlatforms) = postSolution
		{82B8C69B-0138-4DB0-9820-895EEA701516}.Debug|Any CPU.ActiveCfg = Debug|Any CPU
		{82B8C69B-0138-4DB0-9820-895EEA701516}.Debug|Any CPU.Build.0 = Debug|Any CPU
		{82B8C69B-0138-4DB0-9820-895EEA701516}.Release|Any CPU.ActiveCfg = Release|Any CPU
		{82B8C69B-0138-4DB0-9820-895EEA701516}.Release|Any CPU.Build.0 = Release|Any CPU
	EndGlobalSection
	GlobalSection(SolutionProperties) = preSolution
		HideSolutionNode = FALSE
	EndGlobalSection
	GlobalSection(ExtensibilityGlobals) = postSolution
		SolutionGuid = {507C5AF3-EFC8-4916-B6F8-192AD0939BDC}
	EndGlobalSection
EndGlobal
