
Microsoft Visual Studio Solution File, Format Version 12.00
# Visual Studio 15
VisualStudioVersion = 15.0.28307.438
MinimumVisualStudioVersion = 10.0.40219.1
Project("{FAE04EC0-301F-11D3-BF4B-00C04F79EFBC}") = "Overriding", "Overriding\Overriding.csproj", "{882C9A2C-0510-4FBD-B5B2-107EB7A9CE11}"
EndProject
Global
	GlobalSection(SolutionConfigurationPlatforms) = preSolution
		Debug|Any CPU = Debug|Any CPU
		Release|Any CPU = Release|Any CPU
	EndGlobalSection
	GlobalSection(ProjectConfigurationPlatforms) = postSolution
		{882C9A2C-0510-4FBD-B5B2-107EB7A9CE11}.Debug|Any CPU.ActiveCfg = Debug|Any CPU
		{882C9A2C-0510-4FBD-B5B2-107EB7A9CE11}.Debug|Any CPU.Build.0 = Debug|Any CPU
		{882C9A2C-0510-4FBD-B5B2-107EB7A9CE11}.Release|Any CPU.ActiveCfg = Release|Any CPU
		{882C9A2C-0510-4FBD-B5B2-107EB7A9CE11}.Release|Any CPU.Build.0 = Release|Any CPU
	EndGlobalSection
	GlobalSection(SolutionProperties) = preSolution
		HideSolutionNode = FALSE
	EndGlobalSection
	GlobalSection(ExtensibilityGlobals) = postSolution
		SolutionGuid = {8E5130B4-043D-4231-9136-647F5450BB9E}
	EndGlobalSection
EndGlobal
