
Microsoft Visual Studio Solution File, Format Version 12.00
# Visual Studio 15
VisualStudioVersion = 15.0.28307.489
MinimumVisualStudioVersion = 10.0.40219.1
Project("{FAE04EC0-301F-11D3-BF4B-00C04F79EFBC}") = "UsingList", "UsingList\UsingList.csproj", "{FFB1F95E-D831-4BBA-92A9-AA4AA591DBEE}"
EndProject
Global
	GlobalSection(SolutionConfigurationPlatforms) = preSolution
		Debug|Any CPU = Debug|Any CPU
		Release|Any CPU = Release|Any CPU
	EndGlobalSection
	GlobalSection(ProjectConfigurationPlatforms) = postSolution
		{FFB1F95E-D831-4BBA-92A9-AA4AA591DBEE}.Debug|Any CPU.ActiveCfg = Debug|Any CPU
		{FFB1F95E-D831-4BBA-92A9-AA4AA591DBEE}.Debug|Any CPU.Build.0 = Debug|Any CPU
		{FFB1F95E-D831-4BBA-92A9-AA4AA591DBEE}.Release|Any CPU.ActiveCfg = Release|Any CPU
		{FFB1F95E-D831-4BBA-92A9-AA4AA591DBEE}.Release|Any CPU.Build.0 = Release|Any CPU
	EndGlobalSection
	GlobalSection(SolutionProperties) = preSolution
		HideSolutionNode = FALSE
	EndGlobalSection
	GlobalSection(ExtensibilityGlobals) = postSolution
		SolutionGuid = {A8703579-C396-43CB-BD12-57CBCE81F07F}
	EndGlobalSection
EndGlobal
