
Microsoft Visual Studio Solution File, Format Version 12.00
# Visual Studio Version 16
VisualStudioVersion = 16.0.28803.156
MinimumVisualStudioVersion = 10.0.40219.1
Project("{FAE04EC0-301F-11D3-BF4B-00C04F79EFBC}") = "TaskResult", "TaskResult\TaskResult.csproj", "{F2543112-FF56-4380-82DC-05C8467DC356}"
EndProject
Global
	GlobalSection(SolutionConfigurationPlatforms) = preSolution
		Debug|Any CPU = Debug|Any CPU
		Release|Any CPU = Release|Any CPU
	EndGlobalSection
	GlobalSection(ProjectConfigurationPlatforms) = postSolution
		{F2543112-FF56-4380-82DC-05C8467DC356}.Debug|Any CPU.ActiveCfg = Debug|Any CPU
		{F2543112-FF56-4380-82DC-05C8467DC356}.Debug|Any CPU.Build.0 = Debug|Any CPU
		{F2543112-FF56-4380-82DC-05C8467DC356}.Release|Any CPU.ActiveCfg = Release|Any CPU
		{F2543112-FF56-4380-82DC-05C8467DC356}.Release|Any CPU.Build.0 = Release|Any CPU
	EndGlobalSection
	GlobalSection(SolutionProperties) = preSolution
		HideSolutionNode = FALSE
	EndGlobalSection
	GlobalSection(ExtensibilityGlobals) = postSolution
		SolutionGuid = {EA6089F4-1275-473E-B000-BEFAC8A7D903}
	EndGlobalSection
EndGlobal
