
Microsoft Visual Studio Solution File, Format Version 12.00
# Visual Studio 15
VisualStudioVersion = 15.0.28307.271
MinimumVisualStudioVersion = 10.0.40219.1
Project("{FAE04EC0-301F-11D3-BF4B-00C04F79EFBC}") = "StringNumberConversion", "StringNumberConversion\StringNumberConversion.csproj", "{F98E2159-17E3-4798-A391-4A1D7AEA2071}"
EndProject
Global
	GlobalSection(SolutionConfigurationPlatforms) = preSolution
		Debug|Any CPU = Debug|Any CPU
		Release|Any CPU = Release|Any CPU
	EndGlobalSection
	GlobalSection(ProjectConfigurationPlatforms) = postSolution
		{F98E2159-17E3-4798-A391-4A1D7AEA2071}.Debug|Any CPU.ActiveCfg = Debug|Any CPU
		{F98E2159-17E3-4798-A391-4A1D7AEA2071}.Debug|Any CPU.Build.0 = Debug|Any CPU
		{F98E2159-17E3-4798-A391-4A1D7AEA2071}.Release|Any CPU.ActiveCfg = Release|Any CPU
		{F98E2159-17E3-4798-A391-4A1D7AEA2071}.Release|Any CPU.Build.0 = Release|Any CPU
	EndGlobalSection
	GlobalSection(SolutionProperties) = preSolution
		HideSolutionNode = FALSE
	EndGlobalSection
	GlobalSection(ExtensibilityGlobals) = postSolution
		SolutionGuid = {415C2D59-1B2D-4BAE-BBDA-7B9003F87E73}
	EndGlobalSection
EndGlobal
