
Microsoft Visual Studio Solution File, Format Version 12.00
# Visual Studio 15
VisualStudioVersion = 15.0.28307.271
MinimumVisualStudioVersion = 10.0.40219.1
Project("{FAE04EC0-301F-11D3-BF4B-00C04F79EFBC}") = "Bool", "Bool\Bool.csproj", "{CAEACD85-BC3F-4622-A983-345279347294}"
EndProject
Global
	GlobalSection(SolutionConfigurationPlatforms) = preSolution
		Debug|Any CPU = Debug|Any CPU
		Release|Any CPU = Release|Any CPU
	EndGlobalSection
	GlobalSection(ProjectConfigurationPlatforms) = postSolution
		{CAEACD85-BC3F-4622-A983-345279347294}.Debug|Any CPU.ActiveCfg = Debug|Any CPU
		{CAEACD85-BC3F-4622-A983-345279347294}.Debug|Any CPU.Build.0 = Debug|Any CPU
		{CAEACD85-BC3F-4622-A983-345279347294}.Release|Any CPU.ActiveCfg = Release|Any CPU
		{CAEACD85-BC3F-4622-A983-345279347294}.Release|Any CPU.Build.0 = Release|Any CPU
	EndGlobalSection
	GlobalSection(SolutionProperties) = preSolution
		HideSolutionNode = FALSE
	EndGlobalSection
	GlobalSection(ExtensibilityGlobals) = postSolution
		SolutionGuid = {270282E7-42CC-441D-A2A4-288BCB78860C}
	EndGlobalSection
EndGlobal
