
Microsoft Visual Studio Solution File, Format Version 12.00
# Visual Studio 15
VisualStudioVersion = 15.0.28307.421
MinimumVisualStudioVersion = 10.0.40219.1
Project("{FAE04EC0-301F-11D3-BF4B-00C04F79EFBC}") = "StaticField", "StaticField\StaticField.csproj", "{0201D20D-6127-4446-9ADD-74BB5A2547F2}"
EndProject
Global
	GlobalSection(SolutionConfigurationPlatforms) = preSolution
		Debug|Any CPU = Debug|Any CPU
		Release|Any CPU = Release|Any CPU
	EndGlobalSection
	GlobalSection(ProjectConfigurationPlatforms) = postSolution
		{0201D20D-6127-4446-9ADD-74BB5A2547F2}.Debug|Any CPU.ActiveCfg = Debug|Any CPU
		{0201D20D-6127-4446-9ADD-74BB5A2547F2}.Debug|Any CPU.Build.0 = Debug|Any CPU
		{0201D20D-6127-4446-9ADD-74BB5A2547F2}.Release|Any CPU.ActiveCfg = Release|Any CPU
		{0201D20D-6127-4446-9ADD-74BB5A2547F2}.Release|Any CPU.Build.0 = Release|Any CPU
	EndGlobalSection
	GlobalSection(SolutionProperties) = preSolution
		HideSolutionNode = FALSE
	EndGlobalSection
	GlobalSection(ExtensibilityGlobals) = postSolution
		SolutionGuid = {179ED4E7-7529-42DE-8992-12DA1F6ED757}
	EndGlobalSection
EndGlobal
