
Microsoft Visual Studio Solution File, Format Version 12.00
# Visual Studio 15
VisualStudioVersion = 15.0.28307.421
MinimumVisualStudioVersion = 10.0.40219.1
Project("{FAE04EC0-301F-11D3-BF4B-00C04F79EFBC}") = "RefReturn", "RefReturn\RefReturn.csproj", "{54A9C76A-3AE3-4075-BB1E-2B041C104500}"
EndProject
Global
	GlobalSection(SolutionConfigurationPlatforms) = preSolution
		Debug|Any CPU = Debug|Any CPU
		Release|Any CPU = Release|Any CPU
	EndGlobalSection
	GlobalSection(ProjectConfigurationPlatforms) = postSolution
		{54A9C76A-3AE3-4075-BB1E-2B041C104500}.Debug|Any CPU.ActiveCfg = Debug|Any CPU
		{54A9C76A-3AE3-4075-BB1E-2B041C104500}.Debug|Any CPU.Build.0 = Debug|Any CPU
		{54A9C76A-3AE3-4075-BB1E-2B041C104500}.Release|Any CPU.ActiveCfg = Release|Any CPU
		{54A9C76A-3AE3-4075-BB1E-2B041C104500}.Release|Any CPU.Build.0 = Release|Any CPU
	EndGlobalSection
	GlobalSection(SolutionProperties) = preSolution
		HideSolutionNode = FALSE
	EndGlobalSection
	GlobalSection(ExtensibilityGlobals) = postSolution
		SolutionGuid = {F76BC956-2AA8-45BB-921B-0608FE150ED8}
	EndGlobalSection
EndGlobal
