
Microsoft Visual Studio Solution File, Format Version 12.00
# Visual Studio 15
VisualStudioVersion = 15.0.28307.489
MinimumVisualStudioVersion = 10.0.40219.1
Project("{FAE04EC0-301F-11D3-BF4B-00C04F79EFBC}") = "Finally", "Finally\Finally.csproj", "{00F39A71-FDA6-493B-B514-D09276D7A7A4}"
EndProject
Global
	GlobalSection(SolutionConfigurationPlatforms) = preSolution
		Debug|Any CPU = Debug|Any CPU
		Release|Any CPU = Release|Any CPU
	EndGlobalSection
	GlobalSection(ProjectConfigurationPlatforms) = postSolution
		{00F39A71-FDA6-493B-B514-D09276D7A7A4}.Debug|Any CPU.ActiveCfg = Debug|Any CPU
		{00F39A71-FDA6-493B-B514-D09276D7A7A4}.Debug|Any CPU.Build.0 = Debug|Any CPU
		{00F39A71-FDA6-493B-B514-D09276D7A7A4}.Release|Any CPU.ActiveCfg = Release|Any CPU
		{00F39A71-FDA6-493B-B514-D09276D7A7A4}.Release|Any CPU.Build.0 = Release|Any CPU
	EndGlobalSection
	GlobalSection(SolutionProperties) = preSolution
		HideSolutionNode = FALSE
	EndGlobalSection
	GlobalSection(ExtensibilityGlobals) = postSolution
		SolutionGuid = {815625A0-88C3-48A7-8F04-EE06517F507C}
	EndGlobalSection
EndGlobal
