
Microsoft Visual Studio Solution File, Format Version 12.00
# Visual Studio 15
VisualStudioVersion = 15.0.28307.421
MinimumVisualStudioVersion = 10.0.40219.1
Project("{FAE04EC0-301F-11D3-BF4B-00C04F79EFBC}") = "AssignmentOperator", "AssignmentOperator\AssignmentOperator.csproj", "{372C5022-7FB8-441B-BFEC-4CD11718BF4C}"
EndProject
Global
	GlobalSection(SolutionConfigurationPlatforms) = preSolution
		Debug|Any CPU = Debug|Any CPU
		Release|Any CPU = Release|Any CPU
	EndGlobalSection
	GlobalSection(ProjectConfigurationPlatforms) = postSolution
		{372C5022-7FB8-441B-BFEC-4CD11718BF4C}.Debug|Any CPU.ActiveCfg = Debug|Any CPU
		{372C5022-7FB8-441B-BFEC-4CD11718BF4C}.Debug|Any CPU.Build.0 = Debug|Any CPU
		{372C5022-7FB8-441B-BFEC-4CD11718BF4C}.Release|Any CPU.ActiveCfg = Release|Any CPU
		{372C5022-7FB8-441B-BFEC-4CD11718BF4C}.Release|Any CPU.Build.0 = Release|Any CPU
	EndGlobalSection
	GlobalSection(SolutionProperties) = preSolution
		HideSolutionNode = FALSE
	EndGlobalSection
	GlobalSection(ExtensibilityGlobals) = postSolution
		SolutionGuid = {3D04DAA9-7BCC-4BD3-B0F6-D246A8E77ECB}
	EndGlobalSection
EndGlobal
