
Microsoft Visual Studio Solution File, Format Version 12.00
# Visual Studio 15
VisualStudioVersion = 15.0.28307.489
MinimumVisualStudioVersion = 10.0.40219.1
Project("{FAE04EC0-301F-11D3-BF4B-00C04F79EFBC}") = "UsingHashtable", "UsingHashtable\UsingHashtable.csproj", "{2AEC34E2-C4B8-49B5-A1F3-5842C27C4CA1}"
EndProject
Global
	GlobalSection(SolutionConfigurationPlatforms) = preSolution
		Debug|Any CPU = Debug|Any CPU
		Release|Any CPU = Release|Any CPU
	EndGlobalSection
	GlobalSection(ProjectConfigurationPlatforms) = postSolution
		{2AEC34E2-C4B8-49B5-A1F3-5842C27C4CA1}.Debug|Any CPU.ActiveCfg = Debug|Any CPU
		{2AEC34E2-C4B8-49B5-A1F3-5842C27C4CA1}.Debug|Any CPU.Build.0 = Debug|Any CPU
		{2AEC34E2-C4B8-49B5-A1F3-5842C27C4CA1}.Release|Any CPU.ActiveCfg = Release|Any CPU
		{2AEC34E2-C4B8-49B5-A1F3-5842C27C4CA1}.Release|Any CPU.Build.0 = Release|Any CPU
	EndGlobalSection
	GlobalSection(SolutionProperties) = preSolution
		HideSolutionNode = FALSE
	EndGlobalSection
	GlobalSection(ExtensibilityGlobals) = postSolution
		SolutionGuid = {A51B867C-0C3E-4E1C-834E-10E1A3F146BF}
	EndGlobalSection
EndGlobal
