
Microsoft Visual Studio Solution File, Format Version 12.00
# Visual Studio 15
VisualStudioVersion = 15.0.28307.421
MinimumVisualStudioVersion = 10.0.40219.1
Project("{FAE04EC0-301F-11D3-BF4B-00C04F79EFBC}") = "ThisConstructor", "ThisConstructor\ThisConstructor.csproj", "{3410B188-E606-4D1B-8E87-34A30DB5EB92}"
EndProject
Global
	GlobalSection(SolutionConfigurationPlatforms) = preSolution
		Debug|Any CPU = Debug|Any CPU
		Release|Any CPU = Release|Any CPU
	EndGlobalSection
	GlobalSection(ProjectConfigurationPlatforms) = postSolution
		{3410B188-E606-4D1B-8E87-34A30DB5EB92}.Debug|Any CPU.ActiveCfg = Debug|Any CPU
		{3410B188-E606-4D1B-8E87-34A30DB5EB92}.Debug|Any CPU.Build.0 = Debug|Any CPU
		{3410B188-E606-4D1B-8E87-34A30DB5EB92}.Release|Any CPU.ActiveCfg = Release|Any CPU
		{3410B188-E606-4D1B-8E87-34A30DB5EB92}.Release|Any CPU.Build.0 = Release|Any CPU
	EndGlobalSection
	GlobalSection(SolutionProperties) = preSolution
		HideSolutionNode = FALSE
	EndGlobalSection
	GlobalSection(ExtensibilityGlobals) = postSolution
		SolutionGuid = {A1FEDAD5-EAFD-465F-BD8F-05B9C110409D}
	EndGlobalSection
EndGlobal
