
Microsoft Visual Studio Solution File, Format Version 12.00
# Visual Studio 15
VisualStudioVersion = 15.0.28307.489
MinimumVisualStudioVersion = 10.0.40219.1
Project("{FAE04EC0-301F-11D3-BF4B-00C04F79EFBC}") = "StackTrace", "StackTrace\StackTrace.csproj", "{EB346B2C-A319-4B74-AA06-C0E041DB7F74}"
EndProject
Global
	GlobalSection(SolutionConfigurationPlatforms) = preSolution
		Debug|Any CPU = Debug|Any CPU
		Release|Any CPU = Release|Any CPU
	EndGlobalSection
	GlobalSection(ProjectConfigurationPlatforms) = postSolution
		{EB346B2C-A319-4B74-AA06-C0E041DB7F74}.Debug|Any CPU.ActiveCfg = Debug|Any CPU
		{EB346B2C-A319-4B74-AA06-C0E041DB7F74}.Debug|Any CPU.Build.0 = Debug|Any CPU
		{EB346B2C-A319-4B74-AA06-C0E041DB7F74}.Release|Any CPU.ActiveCfg = Release|Any CPU
		{EB346B2C-A319-4B74-AA06-C0E041DB7F74}.Release|Any CPU.Build.0 = Release|Any CPU
	EndGlobalSection
	GlobalSection(SolutionProperties) = preSolution
		HideSolutionNode = FALSE
	EndGlobalSection
	GlobalSection(ExtensibilityGlobals) = postSolution
		SolutionGuid = {94B2BDC7-7AAA-4E2E-8C53-ACB92BD768B6}
	EndGlobalSection
EndGlobal
