
Microsoft Visual Studio Solution File, Format Version 12.00
# Visual Studio 15
VisualStudioVersion = 15.0.28307.489
MinimumVisualStudioVersion = 10.0.40219.1
Project("{FAE04EC0-301F-11D3-BF4B-00C04F79EFBC}") = "14_2", "14_2\14_2.csproj", "{A97A1A93-232D-486B-B434-FEDC18B34106}"
EndProject
Global
	GlobalSection(SolutionConfigurationPlatforms) = preSolution
		Debug|Any CPU = Debug|Any CPU
		Release|Any CPU = Release|Any CPU
	EndGlobalSection
	GlobalSection(ProjectConfigurationPlatforms) = postSolution
		{A97A1A93-232D-486B-B434-FEDC18B34106}.Debug|Any CPU.ActiveCfg = Debug|Any CPU
		{A97A1A93-232D-486B-B434-FEDC18B34106}.Debug|Any CPU.Build.0 = Debug|Any CPU
		{A97A1A93-232D-486B-B434-FEDC18B34106}.Release|Any CPU.ActiveCfg = Release|Any CPU
		{A97A1A93-232D-486B-B434-FEDC18B34106}.Release|Any CPU.Build.0 = Release|Any CPU
	EndGlobalSection
	GlobalSection(SolutionProperties) = preSolution
		HideSolutionNode = FALSE
	EndGlobalSection
	GlobalSection(ExtensibilityGlobals) = postSolution
		SolutionGuid = {A635B236-F205-4B0C-811C-D3FC9B08113B}
	EndGlobalSection
EndGlobal
