
Microsoft Visual Studio Solution File, Format Version 12.00
# Visual Studio Version 16
VisualStudioVersion = 16.0.28803.156
MinimumVisualStudioVersion = 10.0.40219.1
Project("{FAE04EC0-301F-11D3-BF4B-00C04F79EFBC}") = "UsingTask", "UsingTask\UsingTask.csproj", "{233B1ADC-5629-4EE7-9A21-2F3BBDBE5E42}"
EndProject
Global
	GlobalSection(SolutionConfigurationPlatforms) = preSolution
		Debug|Any CPU = Debug|Any CPU
		Release|Any CPU = Release|Any CPU
	EndGlobalSection
	GlobalSection(ProjectConfigurationPlatforms) = postSolution
		{233B1ADC-5629-4EE7-9A21-2F3BBDBE5E42}.Debug|Any CPU.ActiveCfg = Debug|Any CPU
		{233B1ADC-5629-4EE7-9A21-2F3BBDBE5E42}.Debug|Any CPU.Build.0 = Debug|Any CPU
		{233B1ADC-5629-4EE7-9A21-2F3BBDBE5E42}.Release|Any CPU.ActiveCfg = Release|Any CPU
		{233B1ADC-5629-4EE7-9A21-2F3BBDBE5E42}.Release|Any CPU.Build.0 = Release|Any CPU
	EndGlobalSection
	GlobalSection(SolutionProperties) = preSolution
		HideSolutionNode = FALSE
	EndGlobalSection
	GlobalSection(ExtensibilityGlobals) = postSolution
		SolutionGuid = {0F7B8740-C0BF-4790-B8DE-A4B1FCE8793E}
	EndGlobalSection
EndGlobal
