
Microsoft Visual Studio Solution File, Format Version 12.00
# Visual Studio 15
VisualStudioVersion = 15.0.28307.489
MinimumVisualStudioVersion = 10.0.40219.1
Project("{FAE04EC0-301F-11D3-BF4B-00C04F79EFBC}") = "JaggedArray", "JaggedArray\JaggedArray.csproj", "{CCE4FF45-FF88-4CDC-858F-3572F23455FB}"
EndProject
Global
	GlobalSection(SolutionConfigurationPlatforms) = preSolution
		Debug|Any CPU = Debug|Any CPU
		Release|Any CPU = Release|Any CPU
	EndGlobalSection
	GlobalSection(ProjectConfigurationPlatforms) = postSolution
		{CCE4FF45-FF88-4CDC-858F-3572F23455FB}.Debug|Any CPU.ActiveCfg = Debug|Any CPU
		{CCE4FF45-FF88-4CDC-858F-3572F23455FB}.Debug|Any CPU.Build.0 = Debug|Any CPU
		{CCE4FF45-FF88-4CDC-858F-3572F23455FB}.Release|Any CPU.ActiveCfg = Release|Any CPU
		{CCE4FF45-FF88-4CDC-858F-3572F23455FB}.Release|Any CPU.Build.0 = Release|Any CPU
	EndGlobalSection
	GlobalSection(SolutionProperties) = preSolution
		HideSolutionNode = FALSE
	EndGlobalSection
	GlobalSection(ExtensibilityGlobals) = postSolution
		SolutionGuid = {400DAA70-B754-4E60-9F2F-43AF603533F2}
	EndGlobalSection
EndGlobal
