
Microsoft Visual Studio Solution File, Format Version 12.00
# Visual Studio 15
VisualStudioVersion = 15.0.28307.489
MinimumVisualStudioVersion = 10.0.40219.1
Project("{FAE04EC0-301F-11D3-BF4B-00C04F79EFBC}") = "UsingCallback", "UsingCallback\UsingCallback.csproj", "{DBE0FA56-D0B7-4014-B08B-7BC7EF0D8167}"
EndProject
Global
	GlobalSection(SolutionConfigurationPlatforms) = preSolution
		Debug|Any CPU = Debug|Any CPU
		Release|Any CPU = Release|Any CPU
	EndGlobalSection
	GlobalSection(ProjectConfigurationPlatforms) = postSolution
		{DBE0FA56-D0B7-4014-B08B-7BC7EF0D8167}.Debug|Any CPU.ActiveCfg = Debug|Any CPU
		{DBE0FA56-D0B7-4014-B08B-7BC7EF0D8167}.Debug|Any CPU.Build.0 = Debug|Any CPU
		{DBE0FA56-D0B7-4014-B08B-7BC7EF0D8167}.Release|Any CPU.ActiveCfg = Release|Any CPU
		{DBE0FA56-D0B7-4014-B08B-7BC7EF0D8167}.Release|Any CPU.Build.0 = Release|Any CPU
	EndGlobalSection
	GlobalSection(SolutionProperties) = preSolution
		HideSolutionNode = FALSE
	EndGlobalSection
	GlobalSection(ExtensibilityGlobals) = postSolution
		SolutionGuid = {EB1C19ED-5DB0-4B43-B842-63496AB2DC2D}
	EndGlobalSection
EndGlobal
