
Microsoft Visual Studio Solution File, Format Version 12.00
# Visual Studio 15
VisualStudioVersion = 15.0.28307.271
MinimumVisualStudioVersion = 10.0.40219.1
Project("{FAE04EC0-301F-11D3-BF4B-00C04F79EFBC}") = "StringNumberConverion", "StringNumberConverion\StringNumberConverion.csproj", "{700023D1-417F-4B30-9B6D-E5BD2B9E36DE}"
EndProject
Global
	GlobalSection(SolutionConfigurationPlatforms) = preSolution
		Debug|Any CPU = Debug|Any CPU
		Release|Any CPU = Release|Any CPU
	EndGlobalSection
	GlobalSection(ProjectConfigurationPlatforms) = postSolution
		{700023D1-417F-4B30-9B6D-E5BD2B9E36DE}.Debug|Any CPU.ActiveCfg = Debug|Any CPU
		{700023D1-417F-4B30-9B6D-E5BD2B9E36DE}.Debug|Any CPU.Build.0 = Debug|Any CPU
		{700023D1-417F-4B30-9B6D-E5BD2B9E36DE}.Release|Any CPU.ActiveCfg = Release|Any CPU
		{700023D1-417F-4B30-9B6D-E5BD2B9E36DE}.Release|Any CPU.Build.0 = Release|Any CPU
	EndGlobalSection
	GlobalSection(SolutionProperties) = preSolution
		HideSolutionNode = FALSE
	EndGlobalSection
	GlobalSection(ExtensibilityGlobals) = postSolution
		SolutionGuid = {1E2AFFED-274B-471D-95E3-3564F4E50D7C}
	EndGlobalSection
EndGlobal
