
Microsoft Visual Studio Solution File, Format Version 12.00
# Visual Studio 15
VisualStudioVersion = 15.0.28307.271
MinimumVisualStudioVersion = 10.0.40219.1
Project("{FAE04EC0-301F-11D3-BF4B-00C04F79EFBC}") = "BoxingUnboxing", "BoxingUnboxing\BoxingUnboxing.csproj", "{EC32B6B0-70F7-4E94-A9B3-C8CBEBCA80C9}"
EndProject
Global
	GlobalSection(SolutionConfigurationPlatforms) = preSolution
		Debug|Any CPU = Debug|Any CPU
		Release|Any CPU = Release|Any CPU
	EndGlobalSection
	GlobalSection(ProjectConfigurationPlatforms) = postSolution
		{EC32B6B0-70F7-4E94-A9B3-C8CBEBCA80C9}.Debug|Any CPU.ActiveCfg = Debug|Any CPU
		{EC32B6B0-70F7-4E94-A9B3-C8CBEBCA80C9}.Debug|Any CPU.Build.0 = Debug|Any CPU
		{EC32B6B0-70F7-4E94-A9B3-C8CBEBCA80C9}.Release|Any CPU.ActiveCfg = Release|Any CPU
		{EC32B6B0-70F7-4E94-A9B3-C8CBEBCA80C9}.Release|Any CPU.Build.0 = Release|Any CPU
	EndGlobalSection
	GlobalSection(SolutionProperties) = preSolution
		HideSolutionNode = FALSE
	EndGlobalSection
	GlobalSection(ExtensibilityGlobals) = postSolution
		SolutionGuid = {83900D78-EAEE-4646-AA86-A07DE40F0181}
	EndGlobalSection
EndGlobal
