
Microsoft Visual Studio Solution File, Format Version 12.00
# Visual Studio 15
VisualStudioVersion = 15.0.28307.489
MinimumVisualStudioVersion = 10.0.40219.1
Project("{FAE04EC0-301F-11D3-BF4B-00C04F79EFBC}") = "Join", "Join\Join.csproj", "{A69B30F3-570C-4DE4-B5C8-7F3C21D09B12}"
EndProject
Global
	GlobalSection(SolutionConfigurationPlatforms) = preSolution
		Debug|Any CPU = Debug|Any CPU
		Release|Any CPU = Release|Any CPU
	EndGlobalSection
	GlobalSection(ProjectConfigurationPlatforms) = postSolution
		{A69B30F3-570C-4DE4-B5C8-7F3C21D09B12}.Debug|Any CPU.ActiveCfg = Debug|Any CPU
		{A69B30F3-570C-4DE4-B5C8-7F3C21D09B12}.Debug|Any CPU.Build.0 = Debug|Any CPU
		{A69B30F3-570C-4DE4-B5C8-7F3C21D09B12}.Release|Any CPU.ActiveCfg = Release|Any CPU
		{A69B30F3-570C-4DE4-B5C8-7F3C21D09B12}.Release|Any CPU.Build.0 = Release|Any CPU
	EndGlobalSection
	GlobalSection(SolutionProperties) = preSolution
		HideSolutionNode = FALSE
	EndGlobalSection
	GlobalSection(ExtensibilityGlobals) = postSolution
		SolutionGuid = {D3DBFB57-3630-49AA-9177-69AE43A332B9}
	EndGlobalSection
EndGlobal
