
Microsoft Visual Studio Solution File, Format Version 12.00
# Visual Studio 15
VisualStudioVersion = 15.0.28307.271
MinimumVisualStudioVersion = 10.0.40219.1
Project("{FAE04EC0-301F-11D3-BF4B-00C04F79EFBC}") = "Nullable", "Nullable\Nullable.csproj", "{B28E9D24-E488-4458-ADC1-EEA83D258723}"
EndProject
Global
	GlobalSection(SolutionConfigurationPlatforms) = preSolution
		Debug|Any CPU = Debug|Any CPU
		Release|Any CPU = Release|Any CPU
	EndGlobalSection
	GlobalSection(ProjectConfigurationPlatforms) = postSolution
		{B28E9D24-E488-4458-ADC1-EEA83D258723}.Debug|Any CPU.ActiveCfg = Debug|Any CPU
		{B28E9D24-E488-4458-ADC1-EEA83D258723}.Debug|Any CPU.Build.0 = Debug|Any CPU
		{B28E9D24-E488-4458-ADC1-EEA83D258723}.Release|Any CPU.ActiveCfg = Release|Any CPU
		{B28E9D24-E488-4458-ADC1-EEA83D258723}.Release|Any CPU.Build.0 = Release|Any CPU
	EndGlobalSection
	GlobalSection(SolutionProperties) = preSolution
		HideSolutionNode = FALSE
	EndGlobalSection
	GlobalSection(ExtensibilityGlobals) = postSolution
		SolutionGuid = {AEF51D12-BE32-41C3-A3AA-6B1910B235D3}
	EndGlobalSection
EndGlobal
