
Microsoft Visual Studio Solution File, Format Version 12.00
# Visual Studio 15
VisualStudioVersion = 15.0.28307.421
MinimumVisualStudioVersion = 10.0.40219.1
Project("{FAE04EC0-301F-11D3-BF4B-00C04F79EFBC}") = "OptionalParameter", "OptionalParameter\OptionalParameter.csproj", "{052EBB26-ABDB-42E7-9C97-301DC53B82FA}"
EndProject
Global
	GlobalSection(SolutionConfigurationPlatforms) = preSolution
		Debug|Any CPU = Debug|Any CPU
		Release|Any CPU = Release|Any CPU
	EndGlobalSection
	GlobalSection(ProjectConfigurationPlatforms) = postSolution
		{052EBB26-ABDB-42E7-9C97-301DC53B82FA}.Debug|Any CPU.ActiveCfg = Debug|Any CPU
		{052EBB26-ABDB-42E7-9C97-301DC53B82FA}.Debug|Any CPU.Build.0 = Debug|Any CPU
		{052EBB26-ABDB-42E7-9C97-301DC53B82FA}.Release|Any CPU.ActiveCfg = Release|Any CPU
		{052EBB26-ABDB-42E7-9C97-301DC53B82FA}.Release|Any CPU.Build.0 = Release|Any CPU
	EndGlobalSection
	GlobalSection(SolutionProperties) = preSolution
		HideSolutionNode = FALSE
	EndGlobalSection
	GlobalSection(ExtensibilityGlobals) = postSolution
		SolutionGuid = {E6737E80-7EE0-4260-8851-F5C87C9D2946}
	EndGlobalSection
EndGlobal
