
Microsoft Visual Studio Solution File, Format Version 12.00
# Visual Studio 15
VisualStudioVersion = 15.0.28307.489
MinimumVisualStudioVersion = 10.0.40219.1
Project("{FAE04EC0-301F-11D3-BF4B-00C04F79EFBC}") = "ExpressionBodiedMember", "ExpressionBodiedMember\ExpressionBodiedMember.csproj", "{073F9976-7E43-4084-AD57-A4DDEE6B6941}"
EndProject
Global
	GlobalSection(SolutionConfigurationPlatforms) = preSolution
		Debug|Any CPU = Debug|Any CPU
		Release|Any CPU = Release|Any CPU
	EndGlobalSection
	GlobalSection(ProjectConfigurationPlatforms) = postSolution
		{073F9976-7E43-4084-AD57-A4DDEE6B6941}.Debug|Any CPU.ActiveCfg = Debug|Any CPU
		{073F9976-7E43-4084-AD57-A4DDEE6B6941}.Debug|Any CPU.Build.0 = Debug|Any CPU
		{073F9976-7E43-4084-AD57-A4DDEE6B6941}.Release|Any CPU.ActiveCfg = Release|Any CPU
		{073F9976-7E43-4084-AD57-A4DDEE6B6941}.Release|Any CPU.Build.0 = Release|Any CPU
	EndGlobalSection
	GlobalSection(SolutionProperties) = preSolution
		HideSolutionNode = FALSE
	EndGlobalSection
	GlobalSection(ExtensibilityGlobals) = postSolution
		SolutionGuid = {4FAC7CBB-E295-4EEE-AE2D-D43AB87ADE68}
	EndGlobalSection
EndGlobal
