
Microsoft Visual Studio Solution File, Format Version 12.00
# Visual Studio 15
VisualStudioVersion = 15.0.28307.489
MinimumVisualStudioVersion = 10.0.40219.1
Project("{FAE04EC0-301F-11D3-BF4B-00C04F79EFBC}") = "MyException", "MyException\MyException.csproj", "{B1B8A551-4B29-46C5-9FC6-D0F9EEDC8142}"
EndProject
Global
	GlobalSection(SolutionConfigurationPlatforms) = preSolution
		Debug|Any CPU = Debug|Any CPU
		Release|Any CPU = Release|Any CPU
	EndGlobalSection
	GlobalSection(ProjectConfigurationPlatforms) = postSolution
		{B1B8A551-4B29-46C5-9FC6-D0F9EEDC8142}.Debug|Any CPU.ActiveCfg = Debug|Any CPU
		{B1B8A551-4B29-46C5-9FC6-D0F9EEDC8142}.Debug|Any CPU.Build.0 = Debug|Any CPU
		{B1B8A551-4B29-46C5-9FC6-D0F9EEDC8142}.Release|Any CPU.ActiveCfg = Release|Any CPU
		{B1B8A551-4B29-46C5-9FC6-D0F9EEDC8142}.Release|Any CPU.Build.0 = Release|Any CPU
	EndGlobalSection
	GlobalSection(SolutionProperties) = preSolution
		HideSolutionNode = FALSE
	EndGlobalSection
	GlobalSection(ExtensibilityGlobals) = postSolution
		SolutionGuid = {1438B79C-0F23-4DB0-8BBB-2355DE1F501C}
	EndGlobalSection
EndGlobal
