
Microsoft Visual Studio Solution File, Format Version 12.00
# Visual Studio 15
VisualStudioVersion = 15.0.28307.421
MinimumVisualStudioVersion = 10.0.40219.1
Project("{FAE04EC0-301F-11D3-BF4B-00C04F79EFBC}") = "LogicalOperator", "LogicalOperator\LogicalOperator.csproj", "{667F7E38-EABD-454A-A293-9B5D0834F283}"
EndProject
Global
	GlobalSection(SolutionConfigurationPlatforms) = preSolution
		Debug|Any CPU = Debug|Any CPU
		Release|Any CPU = Release|Any CPU
	EndGlobalSection
	GlobalSection(ProjectConfigurationPlatforms) = postSolution
		{667F7E38-EABD-454A-A293-9B5D0834F283}.Debug|Any CPU.ActiveCfg = Debug|Any CPU
		{667F7E38-EABD-454A-A293-9B5D0834F283}.Debug|Any CPU.Build.0 = Debug|Any CPU
		{667F7E38-EABD-454A-A293-9B5D0834F283}.Release|Any CPU.ActiveCfg = Release|Any CPU
		{667F7E38-EABD-454A-A293-9B5D0834F283}.Release|Any CPU.Build.0 = Release|Any CPU
	EndGlobalSection
	GlobalSection(SolutionProperties) = preSolution
		HideSolutionNode = FALSE
	EndGlobalSection
	GlobalSection(ExtensibilityGlobals) = postSolution
		SolutionGuid = {9B9CEC16-AF48-47C0-8A20-F6F9539542AE}
	EndGlobalSection
EndGlobal
