
Microsoft Visual Studio Solution File, Format Version 12.00
# Visual Studio 15
VisualStudioVersion = 15.0.28307.421
MinimumVisualStudioVersion = 10.0.40219.1
Project("{FAE04EC0-301F-11D3-BF4B-00C04F79EFBC}") = "Continue", "Continue\Continue.csproj", "{65101D75-B6F7-415A-A237-A3459DC1303E}"
EndProject
Global
	GlobalSection(SolutionConfigurationPlatforms) = preSolution
		Debug|Any CPU = Debug|Any CPU
		Release|Any CPU = Release|Any CPU
	EndGlobalSection
	GlobalSection(ProjectConfigurationPlatforms) = postSolution
		{65101D75-B6F7-415A-A237-A3459DC1303E}.Debug|Any CPU.ActiveCfg = Debug|Any CPU
		{65101D75-B6F7-415A-A237-A3459DC1303E}.Debug|Any CPU.Build.0 = Debug|Any CPU
		{65101D75-B6F7-415A-A237-A3459DC1303E}.Release|Any CPU.ActiveCfg = Release|Any CPU
		{65101D75-B6F7-415A-A237-A3459DC1303E}.Release|Any CPU.Build.0 = Release|Any CPU
	EndGlobalSection
	GlobalSection(SolutionProperties) = preSolution
		HideSolutionNode = FALSE
	EndGlobalSection
	GlobalSection(ExtensibilityGlobals) = postSolution
		SolutionGuid = {C30552EA-F586-40B4-A185-0D85C7899B40}
	EndGlobalSection
EndGlobal
