
Microsoft Visual Studio Solution File, Format Version 12.00
# Visual Studio 15
VisualStudioVersion = 15.0.28307.489
MinimumVisualStudioVersion = 10.0.40219.1
Project("{FAE04EC0-301F-11D3-BF4B-00C04F79EFBC}") = "UsingGenericStack", "UsingGenericStack\UsingGenericStack.csproj", "{C33A8636-DAF8-4FA4-8A22-60FF0B6CADAB}"
EndProject
Global
	GlobalSection(SolutionConfigurationPlatforms) = preSolution
		Debug|Any CPU = Debug|Any CPU
		Release|Any CPU = Release|Any CPU
	EndGlobalSection
	GlobalSection(ProjectConfigurationPlatforms) = postSolution
		{C33A8636-DAF8-4FA4-8A22-60FF0B6CADAB}.Debug|Any CPU.ActiveCfg = Debug|Any CPU
		{C33A8636-DAF8-4FA4-8A22-60FF0B6CADAB}.Debug|Any CPU.Build.0 = Debug|Any CPU
		{C33A8636-DAF8-4FA4-8A22-60FF0B6CADAB}.Release|Any CPU.ActiveCfg = Release|Any CPU
		{C33A8636-DAF8-4FA4-8A22-60FF0B6CADAB}.Release|Any CPU.Build.0 = Release|Any CPU
	EndGlobalSection
	GlobalSection(SolutionProperties) = preSolution
		HideSolutionNode = FALSE
	EndGlobalSection
	GlobalSection(ExtensibilityGlobals) = postSolution
		SolutionGuid = {178F1C42-9552-4F02-BCF7-6A75DEA27BDC}
	EndGlobalSection
EndGlobal
