
Microsoft Visual Studio Solution File, Format Version 12.00
# Visual Studio 15
VisualStudioVersion = 15.0.28307.421
MinimumVisualStudioVersion = 10.0.40219.1
Project("{FAE04EC0-301F-11D3-BF4B-00C04F79EFBC}") = "Practice", "Practice\Practice.csproj", "{843DA539-F2BE-4099-A60E-3A2FA22D412E}"
EndProject
Global
	GlobalSection(SolutionConfigurationPlatforms) = preSolution
		Debug|Any CPU = Debug|Any CPU
		Release|Any CPU = Release|Any CPU
	EndGlobalSection
	GlobalSection(ProjectConfigurationPlatforms) = postSolution
		{843DA539-F2BE-4099-A60E-3A2FA22D412E}.Debug|Any CPU.ActiveCfg = Debug|Any CPU
		{843DA539-F2BE-4099-A60E-3A2FA22D412E}.Debug|Any CPU.Build.0 = Debug|Any CPU
		{843DA539-F2BE-4099-A60E-3A2FA22D412E}.Release|Any CPU.ActiveCfg = Release|Any CPU
		{843DA539-F2BE-4099-A60E-3A2FA22D412E}.Release|Any CPU.Build.0 = Release|Any CPU
	EndGlobalSection
	GlobalSection(SolutionProperties) = preSolution
		HideSolutionNode = FALSE
	EndGlobalSection
	GlobalSection(ExtensibilityGlobals) = postSolution
		SolutionGuid = {886DB8A2-12D6-49A0-8D02-C44509D55DFC}
	EndGlobalSection
EndGlobal
