
Microsoft Visual Studio Solution File, Format Version 12.00
# Visual Studio 15
VisualStudioVersion = 15.0.28307.271
MinimumVisualStudioVersion = 10.0.40219.1
Project("{FAE04EC0-301F-11D3-BF4B-00C04F79EFBC}") = "SignedUnsignedConversion", "SignedUnsignedConversion\SignedUnsignedConversion.csproj", "{FCF1EBE5-8E70-45EB-9B23-CAA9DB14B1A5}"
EndProject
Global
	GlobalSection(SolutionConfigurationPlatforms) = preSolution
		Debug|Any CPU = Debug|Any CPU
		Release|Any CPU = Release|Any CPU
	EndGlobalSection
	GlobalSection(ProjectConfigurationPlatforms) = postSolution
		{FCF1EBE5-8E70-45EB-9B23-CAA9DB14B1A5}.Debug|Any CPU.ActiveCfg = Debug|Any CPU
		{FCF1EBE5-8E70-45EB-9B23-CAA9DB14B1A5}.Debug|Any CPU.Build.0 = Debug|Any CPU
		{FCF1EBE5-8E70-45EB-9B23-CAA9DB14B1A5}.Release|Any CPU.ActiveCfg = Release|Any CPU
		{FCF1EBE5-8E70-45EB-9B23-CAA9DB14B1A5}.Release|Any CPU.Build.0 = Release|Any CPU
	EndGlobalSection
	GlobalSection(SolutionProperties) = preSolution
		HideSolutionNode = FALSE
	EndGlobalSection
	GlobalSection(ExtensibilityGlobals) = postSolution
		SolutionGuid = {FE06B8C6-71E3-48B4-A1DD-F4A0D27DD16C}
	EndGlobalSection
EndGlobal
