
Microsoft Visual Studio Solution File, Format Version 12.00
# Visual Studio 15
VisualStudioVersion = 15.0.28307.421
MinimumVisualStudioVersion = 10.0.40219.1
Project("{FAE04EC0-301F-11D3-BF4B-00C04F79EFBC}") = "ForFor", "ForFor\ForFor.csproj", "{3C827337-D162-453F-98C5-A231053DF20B}"
EndProject
Global
	GlobalSection(SolutionConfigurationPlatforms) = preSolution
		Debug|Any CPU = Debug|Any CPU
		Release|Any CPU = Release|Any CPU
	EndGlobalSection
	GlobalSection(ProjectConfigurationPlatforms) = postSolution
		{3C827337-D162-453F-98C5-A231053DF20B}.Debug|Any CPU.ActiveCfg = Debug|Any CPU
		{3C827337-D162-453F-98C5-A231053DF20B}.Debug|Any CPU.Build.0 = Debug|Any CPU
		{3C827337-D162-453F-98C5-A231053DF20B}.Release|Any CPU.ActiveCfg = Release|Any CPU
		{3C827337-D162-453F-98C5-A231053DF20B}.Release|Any CPU.Build.0 = Release|Any CPU
	EndGlobalSection
	GlobalSection(SolutionProperties) = preSolution
		HideSolutionNode = FALSE
	EndGlobalSection
	GlobalSection(ExtensibilityGlobals) = postSolution
		SolutionGuid = {D3159656-B6B9-4AB3-A5B5-DE4BA8B00750}
	EndGlobalSection
EndGlobal
