
Microsoft Visual Studio Solution File, Format Version 12.00
# Visual Studio 15
VisualStudioVersion = 15.0.28307.421
MinimumVisualStudioVersion = 10.0.40219.1
Project("{FAE04EC0-301F-11D3-BF4B-00C04F79EFBC}") = "Overloading", "Overloading\Overloading.csproj", "{1A8FFB0D-B502-4A8F-826C-0F1BA7968C00}"
EndProject
Global
	GlobalSection(SolutionConfigurationPlatforms) = preSolution
		Debug|Any CPU = Debug|Any CPU
		Release|Any CPU = Release|Any CPU
	EndGlobalSection
	GlobalSection(ProjectConfigurationPlatforms) = postSolution
		{1A8FFB0D-B502-4A8F-826C-0F1BA7968C00}.Debug|Any CPU.ActiveCfg = Debug|Any CPU
		{1A8FFB0D-B502-4A8F-826C-0F1BA7968C00}.Debug|Any CPU.Build.0 = Debug|Any CPU
		{1A8FFB0D-B502-4A8F-826C-0F1BA7968C00}.Release|Any CPU.ActiveCfg = Release|Any CPU
		{1A8FFB0D-B502-4A8F-826C-0F1BA7968C00}.Release|Any CPU.Build.0 = Release|Any CPU
	EndGlobalSection
	GlobalSection(SolutionProperties) = preSolution
		HideSolutionNode = FALSE
	EndGlobalSection
	GlobalSection(ExtensibilityGlobals) = postSolution
		SolutionGuid = {38698C4A-758D-4A3F-925F-E725CACCCC11}
	EndGlobalSection
EndGlobal
