
Microsoft Visual Studio Solution File, Format Version 12.00
# Visual Studio 15
VisualStudioVersion = 15.0.28307.271
MinimumVisualStudioVersion = 10.0.40219.1
Project("{FAE04EC0-301F-11D3-BF4B-00C04F79EFBC}") = "Enum3", "Enum3\Enum3.csproj", "{B71072C7-398E-4435-98A1-DE97FDDC3C8D}"
EndProject
Global
	GlobalSection(SolutionConfigurationPlatforms) = preSolution
		Debug|Any CPU = Debug|Any CPU
		Release|Any CPU = Release|Any CPU
	EndGlobalSection
	GlobalSection(ProjectConfigurationPlatforms) = postSolution
		{B71072C7-398E-4435-98A1-DE97FDDC3C8D}.Debug|Any CPU.ActiveCfg = Debug|Any CPU
		{B71072C7-398E-4435-98A1-DE97FDDC3C8D}.Debug|Any CPU.Build.0 = Debug|Any CPU
		{B71072C7-398E-4435-98A1-DE97FDDC3C8D}.Release|Any CPU.ActiveCfg = Release|Any CPU
		{B71072C7-398E-4435-98A1-DE97FDDC3C8D}.Release|Any CPU.Build.0 = Release|Any CPU
	EndGlobalSection
	GlobalSection(SolutionProperties) = preSolution
		HideSolutionNode = FALSE
	EndGlobalSection
	GlobalSection(ExtensibilityGlobals) = postSolution
		SolutionGuid = {01D1CE13-81E5-4C79-A297-AF37A1C3C2CA}
	EndGlobalSection
EndGlobal
