
Microsoft Visual Studio Solution File, Format Version 12.00
# Visual Studio 15
VisualStudioVersion = 15.0.28307.489
MinimumVisualStudioVersion = 10.0.40219.1
Project("{FAE04EC0-301F-11D3-BF4B-00C04F79EFBC}") = "ConstructorWithProperty", "ConstructorWithProperty\ConstructorWithProperty.csproj", "{58499CF4-0450-400A-802B-340FC6C21144}"
EndProject
Global
	GlobalSection(SolutionConfigurationPlatforms) = preSolution
		Debug|Any CPU = Debug|Any CPU
		Release|Any CPU = Release|Any CPU
	EndGlobalSection
	GlobalSection(ProjectConfigurationPlatforms) = postSolution
		{58499CF4-0450-400A-802B-340FC6C21144}.Debug|Any CPU.ActiveCfg = Debug|Any CPU
		{58499CF4-0450-400A-802B-340FC6C21144}.Debug|Any CPU.Build.0 = Debug|Any CPU
		{58499CF4-0450-400A-802B-340FC6C21144}.Release|Any CPU.ActiveCfg = Release|Any CPU
		{58499CF4-0450-400A-802B-340FC6C21144}.Release|Any CPU.Build.0 = Release|Any CPU
	EndGlobalSection
	GlobalSection(SolutionProperties) = preSolution
		HideSolutionNode = FALSE
	EndGlobalSection
	GlobalSection(ExtensibilityGlobals) = postSolution
		SolutionGuid = {6F57349E-7E5A-400C-B6B3-A97835F887FF}
	EndGlobalSection
EndGlobal
