
Microsoft Visual Studio Solution File, Format Version 12.00
# Visual Studio Version 16
VisualStudioVersion = 16.0.28803.156
MinimumVisualStudioVersion = 10.0.40219.1
Project("{FAE04EC0-301F-11D3-BF4B-00C04F79EFBC}") = "AsyncFileIo", "AsyncFileIo\AsyncFileIo.csproj", "{749E5E6C-A16A-45E1-828B-42050FAAED52}"
EndProject
Global
	GlobalSection(SolutionConfigurationPlatforms) = preSolution
		Debug|Any CPU = Debug|Any CPU
		Release|Any CPU = Release|Any CPU
	EndGlobalSection
	GlobalSection(ProjectConfigurationPlatforms) = postSolution
		{749E5E6C-A16A-45E1-828B-42050FAAED52}.Debug|Any CPU.ActiveCfg = Debug|Any CPU
		{749E5E6C-A16A-45E1-828B-42050FAAED52}.Debug|Any CPU.Build.0 = Debug|Any CPU
		{749E5E6C-A16A-45E1-828B-42050FAAED52}.Release|Any CPU.ActiveCfg = Release|Any CPU
		{749E5E6C-A16A-45E1-828B-42050FAAED52}.Release|Any CPU.Build.0 = Release|Any CPU
	EndGlobalSection
	GlobalSection(SolutionProperties) = preSolution
		HideSolutionNode = FALSE
	EndGlobalSection
	GlobalSection(ExtensibilityGlobals) = postSolution
		SolutionGuid = {45FB7CFC-9CE0-4A9F-B38F-E45E9D5B14F8}
	EndGlobalSection
EndGlobal
