
Microsoft Visual Studio Solution File, Format Version 12.00
# Visual Studio 15
VisualStudioVersion = 15.0.28307.421
MinimumVisualStudioVersion = 10.0.40219.1
Project("{FAE04EC0-301F-11D3-BF4B-00C04F79EFBC}") = "Constructor", "Constructor\Constructor.csproj", "{6C24DA94-F20E-4D25-93C6-11706F25B7A7}"
EndProject
Global
	GlobalSection(SolutionConfigurationPlatforms) = preSolution
		Debug|Any CPU = Debug|Any CPU
		Release|Any CPU = Release|Any CPU
	EndGlobalSection
	GlobalSection(ProjectConfigurationPlatforms) = postSolution
		{6C24DA94-F20E-4D25-93C6-11706F25B7A7}.Debug|Any CPU.ActiveCfg = Debug|Any CPU
		{6C24DA94-F20E-4D25-93C6-11706F25B7A7}.Debug|Any CPU.Build.0 = Debug|Any CPU
		{6C24DA94-F20E-4D25-93C6-11706F25B7A7}.Release|Any CPU.ActiveCfg = Release|Any CPU
		{6C24DA94-F20E-4D25-93C6-11706F25B7A7}.Release|Any CPU.Build.0 = Release|Any CPU
	EndGlobalSection
	GlobalSection(SolutionProperties) = preSolution
		HideSolutionNode = FALSE
	EndGlobalSection
	GlobalSection(ExtensibilityGlobals) = postSolution
		SolutionGuid = {C51F35CA-80FF-4702-94C1-90DDCE07429A}
	EndGlobalSection
EndGlobal
