
Microsoft Visual Studio Solution File, Format Version 12.00
# Visual Studio 15
VisualStudioVersion = 15.0.28307.271
MinimumVisualStudioVersion = 10.0.40219.1
Project("{FAE04EC0-301F-11D3-BF4B-00C04F79EFBC}") = "Char", "Char\Char.csproj", "{1B58CE40-00F1-4FC6-B253-9973FA7CE2DC}"
EndProject
Global
	GlobalSection(SolutionConfigurationPlatforms) = preSolution
		Debug|Any CPU = Debug|Any CPU
		Release|Any CPU = Release|Any CPU
	EndGlobalSection
	GlobalSection(ProjectConfigurationPlatforms) = postSolution
		{1B58CE40-00F1-4FC6-B253-9973FA7CE2DC}.Debug|Any CPU.ActiveCfg = Debug|Any CPU
		{1B58CE40-00F1-4FC6-B253-9973FA7CE2DC}.Debug|Any CPU.Build.0 = Debug|Any CPU
		{1B58CE40-00F1-4FC6-B253-9973FA7CE2DC}.Release|Any CPU.ActiveCfg = Release|Any CPU
		{1B58CE40-00F1-4FC6-B253-9973FA7CE2DC}.Release|Any CPU.Build.0 = Release|Any CPU
	EndGlobalSection
	GlobalSection(SolutionProperties) = preSolution
		HideSolutionNode = FALSE
	EndGlobalSection
	GlobalSection(ExtensibilityGlobals) = postSolution
		SolutionGuid = {E3896F9E-388F-4B00-B147-D80CE76AC7B6}
	EndGlobalSection
EndGlobal
