
Microsoft Visual Studio Solution File, Format Version 12.00
# Visual Studio 15
VisualStudioVersion = 15.0.28307.489
MinimumVisualStudioVersion = 10.0.40219.1
Project("{FAE04EC0-301F-11D3-BF4B-00C04F79EFBC}") = "AutoImplementedProperty", "AutoImplementedProperty\AutoImplementedProperty.csproj", "{AA97C401-6FAE-44FC-8093-BC2323D21FDD}"
EndProject
Global
	GlobalSection(SolutionConfigurationPlatforms) = preSolution
		Debug|Any CPU = Debug|Any CPU
		Release|Any CPU = Release|Any CPU
	EndGlobalSection
	GlobalSection(ProjectConfigurationPlatforms) = postSolution
		{AA97C401-6FAE-44FC-8093-BC2323D21FDD}.Debug|Any CPU.ActiveCfg = Debug|Any CPU
		{AA97C401-6FAE-44FC-8093-BC2323D21FDD}.Debug|Any CPU.Build.0 = Debug|Any CPU
		{AA97C401-6FAE-44FC-8093-BC2323D21FDD}.Release|Any CPU.ActiveCfg = Release|Any CPU
		{AA97C401-6FAE-44FC-8093-BC2323D21FDD}.Release|Any CPU.Build.0 = Release|Any CPU
	EndGlobalSection
	GlobalSection(SolutionProperties) = preSolution
		HideSolutionNode = FALSE
	EndGlobalSection
	GlobalSection(ExtensibilityGlobals) = postSolution
		SolutionGuid = {62DCE2D5-34F3-4A3E-A686-637F3C9334D9}
	EndGlobalSection
EndGlobal
