
Microsoft Visual Studio Solution File, Format Version 12.00
# Visual Studio 15
VisualStudioVersion = 15.0.28307.421
MinimumVisualStudioVersion = 10.0.40219.1
Project("{FAE04EC0-301F-11D3-BF4B-00C04F79EFBC}") = "StringFormatDatetime", "StringFormatDatetime\StringFormatDatetime.csproj", "{777EBBE1-2E67-4405-A4ED-8B4356D2EEF2}"
EndProject
Global
	GlobalSection(SolutionConfigurationPlatforms) = preSolution
		Debug|Any CPU = Debug|Any CPU
		Release|Any CPU = Release|Any CPU
	EndGlobalSection
	GlobalSection(ProjectConfigurationPlatforms) = postSolution
		{777EBBE1-2E67-4405-A4ED-8B4356D2EEF2}.Debug|Any CPU.ActiveCfg = Debug|Any CPU
		{777EBBE1-2E67-4405-A4ED-8B4356D2EEF2}.Debug|Any CPU.Build.0 = Debug|Any CPU
		{777EBBE1-2E67-4405-A4ED-8B4356D2EEF2}.Release|Any CPU.ActiveCfg = Release|Any CPU
		{777EBBE1-2E67-4405-A4ED-8B4356D2EEF2}.Release|Any CPU.Build.0 = Release|Any CPU
	EndGlobalSection
	GlobalSection(SolutionProperties) = preSolution
		HideSolutionNode = FALSE
	EndGlobalSection
	GlobalSection(ExtensibilityGlobals) = postSolution
		SolutionGuid = {D8B56537-B10A-465C-B646-B9B14E3AE841}
	EndGlobalSection
EndGlobal
