
Microsoft Visual Studio Solution File, Format Version 12.00
# Visual Studio 15
VisualStudioVersion = 15.0.28307.489
MinimumVisualStudioVersion = 10.0.40219.1
Project("{FAE04EC0-301F-11D3-BF4B-00C04F79EFBC}") = "FuncTest", "FuncTest\FuncTest.csproj", "{6E91AA72-4D61-410F-B7FF-B637B311A8ED}"
EndProject
Global
	GlobalSection(SolutionConfigurationPlatforms) = preSolution
		Debug|Any CPU = Debug|Any CPU
		Release|Any CPU = Release|Any CPU
	EndGlobalSection
	GlobalSection(ProjectConfigurationPlatforms) = postSolution
		{6E91AA72-4D61-410F-B7FF-B637B311A8ED}.Debug|Any CPU.ActiveCfg = Debug|Any CPU
		{6E91AA72-4D61-410F-B7FF-B637B311A8ED}.Debug|Any CPU.Build.0 = Debug|Any CPU
		{6E91AA72-4D61-410F-B7FF-B637B311A8ED}.Release|Any CPU.ActiveCfg = Release|Any CPU
		{6E91AA72-4D61-410F-B7FF-B637B311A8ED}.Release|Any CPU.Build.0 = Release|Any CPU
	EndGlobalSection
	GlobalSection(SolutionProperties) = preSolution
		HideSolutionNode = FALSE
	EndGlobalSection
	GlobalSection(ExtensibilityGlobals) = postSolution
		SolutionGuid = {737B6662-D2B5-4308-8740-FC94A22843C1}
	EndGlobalSection
EndGlobal
